
Microsoft Visual Studio Solution File, Format Version 11.00
# Visual Studio 2010
Project("{FAE04EC0-301F-11D3-BF4B-00C04F79EFBC}") = "ComprasWeb", "ComprasWeb\ComprasWeb.csproj", "{DA4A9FEC-858A-45C6-A123-3A4D62902857}"
EndProject
Project("{FAE04EC0-301F-11D3-BF4B-00C04F79EFBC}") = "ComprasTest", "ComprasTest\ComprasTest.csproj", "{3205F880-6F65-4534-8EDC-C7320048B854}"
EndProject
Global
	GlobalSection(SolutionConfigurationPlatforms) = preSolution
		Debug|Any CPU = Debug|Any CPU
		Release|Any CPU = Release|Any CPU
		Default|Any CPU = Default|Any CPU
	EndGlobalSection
	GlobalSection(ProjectConfigurationPlatforms) = postSolution
		{3205F880-6F65-4534-8EDC-C7320048B854}.Debug|Any CPU.ActiveCfg = Debug|Any CPU
		{3205F880-6F65-4534-8EDC-C7320048B854}.Debug|Any CPU.Build.0 = Debug|Any CPU
		{3205F880-6F65-4534-8EDC-C7320048B854}.Default|Any CPU.ActiveCfg = Debug|Any CPU
		{3205F880-6F65-4534-8EDC-C7320048B854}.Default|Any CPU.Build.0 = Debug|Any CPU
		{3205F880-6F65-4534-8EDC-C7320048B854}.Release|Any CPU.ActiveCfg = Release|Any CPU
		{3205F880-6F65-4534-8EDC-C7320048B854}.Release|Any CPU.Build.0 = Release|Any CPU
		{DA4A9FEC-858A-45C6-A123-3A4D62902857}.Debug|Any CPU.ActiveCfg = Debug|Any CPU
		{DA4A9FEC-858A-45C6-A123-3A4D62902857}.Debug|Any CPU.Build.0 = Debug|Any CPU
		{DA4A9FEC-858A-45C6-A123-3A4D62902857}.Release|Any CPU.ActiveCfg = Release|Any CPU
		{DA4A9FEC-858A-45C6-A123-3A4D62902857}.Release|Any CPU.Build.0 = Release|Any CPU
	EndGlobalSection
	GlobalSection(MonoDevelopProperties) = preSolution
		StartupItem = ComprasWeb\ComprasWeb.csproj
	EndGlobalSection
EndGlobal
